
Microsoft Visual Studio Solution File, Format Version 12.00
# Visual Studio Version 17
VisualStudioVersion = 17.5.002.0
MinimumVisualStudioVersion = 10.0.40219.1
Project("{9A19103F-16F7-4668-BE54-9A1E7A4F7556}") = "HockeyClubAPI", "HockeyClubAPI.csproj", "{A6BE5D16-448D-4204-AF1B-CAEF579BE989}"
EndProject
Global
	GlobalSection(SolutionConfigurationPlatforms) = preSolution
		Debug|Any CPU = Debug|Any CPU
		Release|Any CPU = Release|Any CPU
	EndGlobalSection
	GlobalSection(ProjectConfigurationPlatforms) = postSolution
		{A6BE5D16-448D-4204-AF1B-CAEF579BE989}.Debug|Any CPU.ActiveCfg = Debug|Any CPU
		{A6BE5D16-448D-4204-AF1B-CAEF579BE989}.Debug|Any CPU.Build.0 = Debug|Any CPU
		{A6BE5D16-448D-4204-AF1B-CAEF579BE989}.Release|Any CPU.ActiveCfg = Release|Any CPU
		{A6BE5D16-448D-4204-AF1B-CAEF579BE989}.Release|Any CPU.Build.0 = Release|Any CPU
	EndGlobalSection
	GlobalSection(SolutionProperties) = preSolution
		HideSolutionNode = FALSE
	EndGlobalSection
	GlobalSection(ExtensibilityGlobals) = postSolution
		SolutionGuid = {614FD12F-B022-4CB1-B3BF-D82D896B6311}
	EndGlobalSection
EndGlobal
